// !$*UTF8*$!
{
	archiveVersion = 1;
	classes = {
	};
	objectVersion = 56;
	objects = {

/* Begin PBXBuildFile section */
		BB922D4C2BE6A25D008277CE /* BurnAppApp.swift in Sources */ = {isa = PBXBuildFile; fileRef = BB922D4B2BE6A25D008277CE /* BurnAppApp.swift */; };
		BB922D4E2BE6A25D008277CE /* ContentView.swift in Sources */ = {isa = PBXBuildFile; fileRef = BB922D4D2BE6A25D008277CE /* ContentView.swift */; };
		BB922D502BE6A25D008277CE /* Item.swift in Sources */ = {isa = PBXBuildFile; fileRef = BB922D4F2BE6A25D008277CE /* Item.swift */; };
		BB922D522BE6A25F008277CE /* Assets.xcassets in Resources */ = {isa = PBXBuildFile; fileRef = BB922D512BE6A25F008277CE /* Assets.xcassets */; };
		BB922D552BE6A25F008277CE /* Preview Assets.xcassets in Resources */ = {isa = PBXBuildFile; fileRef = BB922D542BE6A25F008277CE /* Preview Assets.xcassets */; };
		BB922D5F2BE6A25F008277CE /* BurnAppTests.swift in Sources */ = {isa = PBXBuildFile; fileRef = BB922D5E2BE6A25F008277CE /* BurnAppTests.swift */; };
		BB922D692BE6A25F008277CE /* BurnAppUITests.swift in Sources */ = {isa = PBXBuildFile; fileRef = BB922D682BE6A25F008277CE /* BurnAppUITests.swift */; };
		BB922D6B2BE6A25F008277CE /* BurnAppUITestsLaunchTests.swift in Sources */ = {isa = PBXBuildFile; fileRef = BB922D6A2BE6A25F008277CE /* BurnAppUITestsLaunchTests.swift */; };
/* End PBXBuildFile section */

/* Begin PBXContainerItemProxy section */
		BB922D5B2BE6A25F008277CE /* PBXContainerItemProxy */ = {
			isa = PBXContainerItemProxy;
			containerPortal = BB922D402BE6A25D008277CE /* Project object */;
			proxyType = 1;
			remoteGlobalIDString = BB922D472BE6A25D008277CE;
			remoteInfo = BurnApp;
		};
		BB922D652BE6A25F008277CE /* PBXContainerItemProxy */ = {
			isa = PBXContainerItemProxy;
			containerPortal = BB922D402BE6A25D008277CE /* Project object */;
			proxyType = 1;
			remoteGlobalIDString = BB922D472BE6A25D008277CE;
			remoteInfo = BurnApp;
		};
/* End PBXContainerItemProxy section */

/* Begin PBXFileReference section */
		BB922D482BE6A25D008277CE /* BurnApp.app */ = {isa = PBXFileReference; explicitFileType = wrapper.application; includeInIndex = 0; path = BurnApp.app; sourceTree = BUILT_PRODUCTS_DIR; };
		BB922D4B2BE6A25D008277CE /* BurnAppApp.swift */ = {isa = PBXFileReference; lastKnownFileType = sourcecode.swift; path = BurnAppApp.swift; sourceTree = "<group>"; };
		BB922D4D2BE6A25D008277CE /* ContentView.swift */ = {isa = PBXFileReference; lastKnownFileType = sourcecode.swift; path = ContentView.swift; sourceTree = "<group>"; };
		BB922D4F2BE6A25D008277CE /* Item.swift */ = {isa = PBXFileReference; lastKnownFileType = sourcecode.swift; path = Item.swift; sourceTree = "<group>"; };
		BB922D512BE6A25F008277CE /* Assets.xcassets */ = {isa = PBXFileReference; lastKnownFileType = folder.assetcatalog; path = Assets.xcassets; sourceTree = "<group>"; };
		BB922D542BE6A25F008277CE /* Preview Assets.xcassets */ = {isa = PBXFileReference; lastKnownFileType = folder.assetcatalog; path = "Preview Assets.xcassets"; sourceTree = "<group>"; };
		BB922D5A2BE6A25F008277CE /* BurnAppTests.xctest */ = {isa = PBXFileReference; explicitFileType = wrapper.cfbundle; includeInIndex = 0; path = BurnAppTests.xctest; sourceTree = BUILT_PRODUCTS_DIR; };
		BB922D5E2BE6A25F008277CE /* BurnAppTests.swift */ = {isa = PBXFileReference; lastKnownFileType = sourcecode.swift; path = BurnAppTests.swift; sourceTree = "<group>"; };
		BB922D642BE6A25F008277CE /* BurnAppUITests.xctest */ = {isa = PBXFileReference; explicitFileType = wrapper.cfbundle; includeInIndex = 0; path = BurnAppUITests.xctest; sourceTree = BUILT_PRODUCTS_DIR; };
		BB922D682BE6A25F008277CE /* BurnAppUITests.swift */ = {isa = PBXFileReference; lastKnownFileType = sourcecode.swift; path = BurnAppUITests.swift; sourceTree = "<group>"; };
		BB922D6A2BE6A25F008277CE /* BurnAppUITestsLaunchTests.swift */ = {isa = PBXFileReference; lastKnownFileType = sourcecode.swift; path = BurnAppUITestsLaunchTests.swift; sourceTree = "<group>"; };
/* End PBXFileReference section */

/* Begin PBXFrameworksBuildPhase section */
		BB922D452BE6A25D008277CE /* Frameworks */ = {
			isa = PBXFrameworksBuildPhase;
			buildActionMask = 2147483647;
			files = (
			);
			runOnlyForDeploymentPostprocessing = 0;
		};
		BB922D572BE6A25F008277CE /* Frameworks */ = {
			isa = PBXFrameworksBuildPhase;
			buildActionMask = 2147483647;
			files = (
			);
			runOnlyForDeploymentPostprocessing = 0;
		};
		BB922D612BE6A25F008277CE /* Frameworks */ = {
			isa = PBXFrameworksBuildPhase;
			buildActionMask = 2147483647;
			files = (
			);
			runOnlyForDeploymentPostprocessing = 0;
		};
/* End PBXFrameworksBuildPhase section */

/* Begin PBXGroup section */
		BB922D3F2BE6A25D008277CE = {
			isa = PBXGroup;
			children = (
				BB922D4A2BE6A25D008277CE /* BurnApp */,
				BB922D5D2BE6A25F008277CE /* BurnAppTests */,
				BB922D672BE6A25F008277CE /* BurnAppUITests */,
				BB922D492BE6A25D008277CE /* Products */,
			);
			sourceTree = "<group>";
		};
		BB922D492BE6A25D008277CE /* Products */ = {
			isa = PBXGroup;
			children = (
				BB922D482BE6A25D008277CE /* BurnApp.app */,
				BB922D5A2BE6A25F008277CE /* BurnAppTests.xctest */,
				BB922D642BE6A25F008277CE /* BurnAppUITests.xctest */,
			);
			name = Products;
			sourceTree = "<group>";
		};
		BB922D4A2BE6A25D008277CE /* BurnApp */ = {
			isa = PBXGroup;
			children = (
				BB922D4B2BE6A25D008277CE /* BurnAppApp.swift */,
				BB922D4D2BE6A25D008277CE /* ContentView.swift */,
				BB922D4F2BE6A25D008277CE /* Item.swift */,
				BB922D512BE6A25F008277CE /* Assets.xcassets */,
				BB922D532BE6A25F008277CE /* Preview Content */,
			);
			path = BurnApp;
			sourceTree = "<group>";
		};
		BB922D532BE6A25F008277CE /* Preview Content */ = {
			isa = PBXGroup;
			children = (
				BB922D542BE6A25F008277CE /* Preview Assets.xcassets */,
			);
			path = "Preview Content";
			sourceTree = "<group>";
		};
		BB922D5D2BE6A25F008277CE /* BurnAppTests */ = {
			isa = PBXGroup;
			children = (
				BB922D5E2BE6A25F008277CE /* BurnAppTests.swift */,
			);
			path = BurnAppTests;
			sourceTree = "<group>";
		};
		BB922D672BE6A25F008277CE /* BurnAppUITests */ = {
			isa = PBXGroup;
			children = (
				BB922D682BE6A25F008277CE /* BurnAppUITests.swift */,
				BB922D6A2BE6A25F008277CE /* BurnAppUITestsLaunchTests.swift */,
			);
			path = BurnAppUITests;
			sourceTree = "<group>";
		};
/* End PBXGroup section */

/* Begin PBXNativeTarget section */
		BB922D472BE6A25D008277CE /* BurnApp */ = {
			isa = PBXNativeTarget;
			buildConfigurationList = BB922D6E2BE6A25F008277CE /* Build configuration list for PBXNativeTarget "BurnApp" */;
			buildPhases = (
				BB922D442BE6A25D008277CE /* Sources */,
				BB922D452BE6A25D008277CE /* Frameworks */,
				BB922D462BE6A25D008277CE /* Resources */,
			);
			buildRules = (
			);
			dependencies = (
			);
			name = BurnApp;
			productName = BurnApp;
			productReference = BB922D482BE6A25D008277CE /* BurnApp.app */;
			productType = "com.apple.product-type.application";
		};
		BB922D592BE6A25F008277CE /* BurnAppTests */ = {
			isa = PBXNativeTarget;
			buildConfigurationList = BB922D712BE6A25F008277CE /* Build configuration list for PBXNativeTarget "BurnAppTests" */;
			buildPhases = (
				BB922D562BE6A25F008277CE /* Sources */,
				BB922D572BE6A25F008277CE /* Frameworks */,
				BB922D582BE6A25F008277CE /* Resources */,
			);
			buildRules = (
			);
			dependencies = (
				BB922D5C2BE6A25F008277CE /* PBXTargetDependency */,
			);
			name = BurnAppTests;
			productName = BurnAppTests;
			productReference = BB922D5A2BE6A25F008277CE /* BurnAppTests.xctest */;
			productType = "com.apple.product-type.bundle.unit-test";
		};
		BB922D632BE6A25F008277CE /* BurnAppUITests */ = {
			isa = PBXNativeTarget;
			buildConfigurationList = BB922D742BE6A25F008277CE /* Build configuration list for PBXNativeTarget "BurnAppUITests" */;
			buildPhases = (
				BB922D602BE6A25F008277CE /* Sources */,
				BB922D612BE6A25F008277CE /* Frameworks */,
				BB922D622BE6A25F008277CE /* Resources */,
			);
			buildRules = (
			);
			dependencies = (
				BB922D662BE6A25F008277CE /* PBXTargetDependency */,
			);
			name = BurnAppUITests;
			productName = BurnAppUITests;
			productReference = BB922D642BE6A25F008277CE /* BurnAppUITests.xctest */;
			productType = "com.apple.product-type.bundle.ui-testing";
		};
/* End PBXNativeTarget section */

/* Begin PBXProject section */
		BB922D402BE6A25D008277CE /* Project object */ = {
			isa = PBXProject;
			attributes = {
				BuildIndependentTargetsInParallel = 1;
				LastSwiftUpdateCheck = 1530;
				LastUpgradeCheck = 1530;
				TargetAttributes = {
					BB922D472BE6A25D008277CE = {
						CreatedOnToolsVersion = 15.3;
					};
					BB922D592BE6A25F008277CE = {
						CreatedOnToolsVersion = 15.3;
						TestTargetID = BB922D472BE6A25D008277CE;
					};
					BB922D632BE6A25F008277CE = {
						CreatedOnToolsVersion = 15.3;
						TestTargetID = BB922D472BE6A25D008277CE;
					};
				};
			};
			buildConfigurationList = BB922D432BE6A25D008277CE /* Build configuration list for PBXProject "BurnApp" */;
			compatibilityVersion = "Xcode 14.0";
			developmentRegion = en;
			hasScannedForEncodings = 0;
			knownRegions = (
				en,
				Base,
			);
			mainGroup = BB922D3F2BE6A25D008277CE;
			productRefGroup = BB922D492BE6A25D008277CE /* Products */;
			projectDirPath = "";
			projectRoot = "";
			targets = (
				BB922D472BE6A25D008277CE /* BurnApp */,
				BB922D592BE6A25F008277CE /* BurnAppTests */,
				BB922D632BE6A25F008277CE /* BurnAppUITests */,
			);
		};
/* End PBXProject section */

/* Begin PBXResourcesBuildPhase section */
		BB922D462BE6A25D008277CE /* Resources */ = {
			isa = PBXResourcesBuildPhase;
			buildActionMask = 2147483647;
			files = (
				BB922D552BE6A25F008277CE /* Preview Assets.xcassets in Resources */,
				BB922D522BE6A25F008277CE /* Assets.xcassets in Resources */,
			);
			runOnlyForDeploymentPostprocessing = 0;
		};
		BB922D582BE6A25F008277CE /* Resources */ = {
			isa = PBXResourcesBuildPhase;
			buildActionMask = 2147483647;
			files = (
			);
			runOnlyForDeploymentPostprocessing = 0;
		};
		BB922D622BE6A25F008277CE /* Resources */ = {
			isa = PBXResourcesBuildPhase;
			buildActionMask = 2147483647;
			files = (
			);
			runOnlyForDeploymentPostprocessing = 0;
		};
/* End PBXResourcesBuildPhase section */

/* Begin PBXSourcesBuildPhase section */
		BB922D442BE6A25D008277CE /* Sources */ = {
			isa = PBXSourcesBuildPhase;
			buildActionMask = 2147483647;
			files = (
				BB922D4E2BE6A25D008277CE /* ContentView.swift in Sources */,
				BB922D502BE6A25D008277CE /* Item.swift in Sources */,
				BB922D4C2BE6A25D008277CE /* BurnAppApp.swift in Sources */,
			);
			runOnlyForDeploymentPostprocessing = 0;
		};
		BB922D562BE6A25F008277CE /* Sources */ = {
			isa = PBXSourcesBuildPhase;
			buildActionMask = 2147483647;
			files = (
				BB922D5F2BE6A25F008277CE /* BurnAppTests.swift in Sources */,
			);
			runOnlyForDeploymentPostprocessing = 0;
		};
		BB922D602BE6A25F008277CE /* Sources */ = {
			isa = PBXSourcesBuildPhase;
			buildActionMask = 2147483647;
			files = (
				BB922D692BE6A25F008277CE /* BurnAppUITests.swift in Sources */,
				BB922D6B2BE6A25F008277CE /* BurnAppUITestsLaunchTests.swift in Sources */,
			);
			runOnlyForDeploymentPostprocessing = 0;
		};
/* End PBXSourcesBuildPhase section */

/* Begin PBXTargetDependency section */
		BB922D5C2BE6A25F008277CE /* PBXTargetDependency */ = {
			isa = PBXTargetDependency;
			target = BB922D472BE6A25D008277CE /* BurnApp */;
			targetProxy = BB922D5B2BE6A25F008277CE /* PBXContainerItemProxy */;
		};
		BB922D662BE6A25F008277CE /* PBXTargetDependency */ = {
			isa = PBXTargetDependency;
			target = BB922D472BE6A25D008277CE /* BurnApp */;
			targetProxy = BB922D652BE6A25F008277CE /* PBXContainerItemProxy */;
		};
/* End PBXTargetDependency section */

/* Begin XCBuildConfiguration section */
		BB922D6C2BE6A25F008277CE /* Debug */ = {
			isa = XCBuildConfiguration;
			buildSettings = {
				ALWAYS_SEARCH_USER_PATHS = NO;
				ASSETCATALOG_COMPILER_GENERATE_SWIFT_ASSET_SYMBOL_EXTENSIONS = YES;
				CLANG_ANALYZER_NONNULL = YES;
				CLANG_ANALYZER_NUMBER_OBJECT_CONVERSION = YES_AGGRESSIVE;
				CLANG_CXX_LANGUAGE_STANDARD = "gnu++20";
				CLANG_ENABLE_MODULES = YES;
				CLANG_ENABLE_OBJC_ARC = YES;
				CLANG_ENABLE_OBJC_WEAK = YES;
				CLANG_WARN_BLOCK_CAPTURE_AUTORELEASING = YES;
				CLANG_WARN_BOOL_CONVERSION = YES;
				CLANG_WARN_COMMA = YES;
				CLANG_WARN_CONSTANT_CONVERSION = YES;
				CLANG_WARN_DEPRECATED_OBJC_IMPLEMENTATIONS = YES;
				CLANG_WARN_DIRECT_OBJC_ISA_USAGE = YES_ERROR;
				CLANG_WARN_DOCUMENTATION_COMMENTS = YES;
				CLANG_WARN_EMPTY_BODY = YES;
				CLANG_WARN_ENUM_CONVERSION = YES;
				CLANG_WARN_INFINITE_RECURSION = YES;
				CLANG_WARN_INT_CONVERSION = YES;
				CLANG_WARN_NON_LITERAL_NULL_CONVERSION = YES;
				CLANG_WARN_OBJC_IMPLICIT_RETAIN_SELF = YES;
				CLANG_WARN_OBJC_LITERAL_CONVERSION = YES;
				CLANG_WARN_OBJC_ROOT_CLASS = YES_ERROR;
				CLANG_WARN_QUOTED_INCLUDE_IN_FRAMEWORK_HEADER = YES;
				CLANG_WARN_RANGE_LOOP_ANALYSIS = YES;
				CLANG_WARN_STRICT_PROTOTYPES = YES;
				CLANG_WARN_SUSPICIOUS_MOVE = YES;
				CLANG_WARN_UNGUARDED_AVAILABILITY = YES_AGGRESSIVE;
				CLANG_WARN_UNREACHABLE_CODE = YES;
				CLANG_WARN__DUPLICATE_METHOD_MATCH = YES;
				COPY_PHASE_STRIP = NO;
				DEBUG_INFORMATION_FORMAT = dwarf;
				ENABLE_STRICT_OBJC_MSGSEND = YES;
				ENABLE_TESTABILITY = YES;
				ENABLE_USER_SCRIPT_SANDBOXING = YES;
				GCC_C_LANGUAGE_STANDARD = gnu17;
				GCC_DYNAMIC_NO_PIC = NO;
				GCC_NO_COMMON_BLOCKS = YES;
				GCC_OPTIMIZATION_LEVEL = 0;
				GCC_PREPROCESSOR_DEFINITIONS = (
					"DEBUG=1",
					"$(inherited)",
				);
				GCC_WARN_64_TO_32_BIT_CONVERSION = YES;
				GCC_WARN_ABOUT_RETURN_TYPE = YES_ERROR;
				GCC_WARN_UNDECLARED_SELECTOR = YES;
				GCC_WARN_UNINITIALIZED_AUTOS = YES_AGGRESSIVE;
				GCC_WARN_UNUSED_FUNCTION = YES;
				GCC_WARN_UNUSED_VARIABLE = YES;
				IPHONEOS_DEPLOYMENT_TARGET = 17.4;
				LOCALIZATION_PREFERS_STRING_CATALOGS = YES;
				MTL_ENABLE_DEBUG_INFO = INCLUDE_SOURCE;
				MTL_FAST_MATH = YES;
				ONLY_ACTIVE_ARCH = YES;
				SDKROOT = iphoneos;
				SWIFT_ACTIVE_COMPILATION_CONDITIONS = "DEBUG $(inherited)";
				SWIFT_OPTIMIZATION_LEVEL = "-Onone";
			};
			name = Debug;
		};
		BB922D6D2BE6A25F008277CE /* Release */ = {
			isa = XCBuildConfiguration;
			buildSettings = {
				ALWAYS_SEARCH_USER_PATHS = NO;
				ASSETCATALOG_COMPILER_GENERATE_SWIFT_ASSET_SYMBOL_EXTENSIONS = YES;
				CLANG_ANALYZER_NONNULL = YES;
				CLANG_ANALYZER_NUMBER_OBJECT_CONVERSION = YES_AGGRESSIVE;
				CLANG_CXX_LANGUAGE_STANDARD = "gnu++20";
				CLANG_ENABLE_MODULES = YES;
				CLANG_ENABLE_OBJC_ARC = YES;
				CLANG_ENABLE_OBJC_WEAK = YES;
				CLANG_WARN_BLOCK_CAPTURE_AUTORELEASING = YES;
				CLANG_WARN_BOOL_CONVERSION = YES;
				CLANG_WARN_COMMA = YES;
				CLANG_WARN_CONSTANT_CONVERSION = YES;
				CLANG_WARN_DEPRECATED_OBJC_IMPLEMENTATIONS = YES;
				CLANG_WARN_DIRECT_OBJC_ISA_USAGE = YES_ERROR;
				CLANG_WARN_DOCUMENTATION_COMMENTS = YES;
				CLANG_WARN_EMPTY_BODY = YES;
				CLANG_WARN_ENUM_CONVERSION = YES;
				CLANG_WARN_INFINITE_RECURSION = YES;
				CLANG_WARN_INT_CONVERSION = YES;
				CLANG_WARN_NON_LITERAL_NULL_CONVERSION = YES;
				CLANG_WARN_OBJC_IMPLICIT_RETAIN_SELF = YES;
				CLANG_WARN_OBJC_LITERAL_CONVERSION = YES;
				CLANG_WARN_OBJC_ROOT_CLASS = YES_ERROR;
				CLANG_WARN_QUOTED_INCLUDE_IN_FRAMEWORK_HEADER = YES;
				CLANG_WARN_RANGE_LOOP_ANALYSIS = YES;
				CLANG_WARN_STRICT_PROTOTYPES = YES;
				CLANG_WARN_SUSPICIOUS_MOVE = YES;
				CLANG_WARN_UNGUARDED_AVAILABILITY = YES_AGGRESSIVE;
				CLANG_WARN_UNREACHABLE_CODE = YES;
				CLANG_WARN__DUPLICATE_METHOD_MATCH = YES;
				COPY_PHASE_STRIP = NO;
				DEBUG_INFORMATION_FORMAT = "dwarf-with-dsym";
				ENABLE_NS_ASSERTIONS = NO;
				ENABLE_STRICT_OBJC_MSGSEND = YES;
				ENABLE_USER_SCRIPT_SANDBOXING = YES;
				GCC_C_LANGUAGE_STANDARD = gnu17;
				GCC_NO_COMMON_BLOCKS = YES;
				GCC_WARN_64_TO_32_BIT_CONVERSION = YES;
				GCC_WARN_ABOUT_RETURN_TYPE = YES_ERROR;
				GCC_WARN_UNDECLARED_SELECTOR = YES;
				GCC_WARN_UNINITIALIZED_AUTOS = YES_AGGRESSIVE;
				GCC_WARN_UNUSED_FUNCTION = YES;
				GCC_WARN_UNUSED_VARIABLE = YES;
				IPHONEOS_DEPLOYMENT_TARGET = 17.4;
				LOCALIZATION_PREFERS_STRING_CATALOGS = YES;
				MTL_ENABLE_DEBUG_INFO = NO;
				MTL_FAST_MATH = YES;
				SDKROOT = iphoneos;
				SWIFT_COMPILATION_MODE = wholemodule;
				VALIDATE_PRODUCT = YES;
			};
			name = Release;
		};
		BB922D6F2BE6A25F008277CE /* Debug */ = {
			isa = XCBuildConfiguration;
			buildSettings = {
				ASSETCATALOG_COMPILER_APPICON_NAME = AppIcon;
				ASSETCATALOG_COMPILER_GLOBAL_ACCENT_COLOR_NAME = AccentColor;
				CODE_SIGN_STYLE = Automatic;
				CURRENT_PROJECT_VERSION = 1;
				DEVELOPMENT_ASSET_PATHS = "\"BurnApp/Preview Content\"";
				DEVELOPMENT_TEAM = Z36F736BZ8;
				ENABLE_PREVIEWS = YES;
				GENERATE_INFOPLIST_FILE = YES;
				INFOPLIST_KEY_UIApplicationSceneManifest_Generation = YES;
				INFOPLIST_KEY_UIApplicationSupportsIndirectInputEvents = YES;
				INFOPLIST_KEY_UILaunchScreen_Generation = YES;
				INFOPLIST_KEY_UISupportedInterfaceOrientations_iPad = "UIInterfaceOrientationPortrait UIInterfaceOrientationPortraitUpsideDown UIInterfaceOrientationLandscapeLeft UIInterfaceOrientationLandscapeRight";
				INFOPLIST_KEY_UISupportedInterfaceOrientations_iPhone = "UIInterfaceOrientationPortrait UIInterfaceOrientationLandscapeLeft UIInterfaceOrientationLandscapeRight";
				LD_RUNPATH_SEARCH_PATHS = (
					"$(inherited)",
					"@executable_path/Frameworks",
				);
				MARKETING_VERSION = 1.0;
				PRODUCT_BUNDLE_IDENTIFIER = com.Burn.BurnApp;
				PRODUCT_NAME = "$(TARGET_NAME)";
				SWIFT_EMIT_LOC_STRINGS = YES;
				SWIFT_VERSION = 5.0;
				TARGETED_DEVICE_FAMILY = "1,2";
			};
			name = Debug;
		};
		BB922D702BE6A25F008277CE /* Release */ = {
			isa = XCBuildConfiguration;
			buildSettings = {
				ASSETCATALOG_COMPILER_APPICON_NAME = AppIcon;
				ASSETCATALOG_COMPILER_GLOBAL_ACCENT_COLOR_NAME = AccentColor;
				CODE_SIGN_STYLE = Automatic;
				CURRENT_PROJECT_VERSION = 1;
				DEVELOPMENT_ASSET_PATHS = "\"BurnApp/Preview Content\"";
				DEVELOPMENT_TEAM = Z36F736BZ8;
				ENABLE_PREVIEWS = YES;
				GENERATE_INFOPLIST_FILE = YES;
				INFOPLIST_KEY_UIApplicationSceneManifest_Generation = YES;
				INFOPLIST_KEY_UIApplicationSupportsIndirectInputEvents = YES;
				INFOPLIST_KEY_UILaunchScreen_Generation = YES;
				INFOPLIST_KEY_UISupportedInterfaceOrientations_iPad = "UIInterfaceOrientationPortrait UIInterfaceOrientationPortraitUpsideDown UIInterfaceOrientationLandscapeLeft UIInterfaceOrientationLandscapeRight";
				INFOPLIST_KEY_UISupportedInterfaceOrientations_iPhone = "UIInterfaceOrientationPortrait UIInterfaceOrientationLandscapeLeft UIInterfaceOrientationLandscapeRight";
				LD_RUNPATH_SEARCH_PATHS = (
					"$(inherited)",
					"@executable_path/Frameworks",
				);
				MARKETING_VERSION = 1.0;
				PRODUCT_BUNDLE_IDENTIFIER = com.Burn.BurnApp;
				PRODUCT_NAME = "$(TARGET_NAME)";
				SWIFT_EMIT_LOC_STRINGS = YES;
				SWIFT_VERSION = 5.0;
				TARGETED_DEVICE_FAMILY = "1,2";
			};
			name = Release;
		};
		BB922D722BE6A25F008277CE /* Debug */ = {
			isa = XCBuildConfiguration;
			buildSettings = {
				ALWAYS_EMBED_SWIFT_STANDARD_LIBRARIES = YES;
				BUNDLE_LOADER = "$(TEST_HOST)";
				CODE_SIGN_STYLE = Automatic;
				CURRENT_PROJECT_VERSION = 1;
				DEVELOPMENT_TEAM = Z36F736BZ8;
				GENERATE_INFOPLIST_FILE = YES;
				IPHONEOS_DEPLOYMENT_TARGET = 17.4;
				MARKETING_VERSION = 1.0;
				PRODUCT_BUNDLE_IDENTIFIER = com.Burn.BurnAppTests;
				PRODUCT_NAME = "$(TARGET_NAME)";
				SWIFT_EMIT_LOC_STRINGS = NO;
				SWIFT_VERSION = 5.0;
				TARGETED_DEVICE_FAMILY = "1,2";
				TEST_HOST = "$(BUILT_PRODUCTS_DIR)/BurnApp.app/$(BUNDLE_EXECUTABLE_FOLDER_PATH)/BurnApp";
			};
			name = Debug;
		};
		BB922D732BE6A25F008277CE /* Release */ = {
			isa = XCBuildConfiguration;
			buildSettings = {
				ALWAYS_EMBED_SWIFT_STANDARD_LIBRARIES = YES;
				BUNDLE_LOADER = "$(TEST_HOST)";
				CODE_SIGN_STYLE = Automatic;
				CURRENT_PROJECT_VERSION = 1;
				DEVELOPMENT_TEAM = Z36F736BZ8;
				GENERATE_INFOPLIST_FILE = YES;
				IPHONEOS_DEPLOYMENT_TARGET = 17.4;
				MARKETING_VERSION = 1.0;
				PRODUCT_BUNDLE_IDENTIFIER = com.Burn.BurnAppTests;
				PRODUCT_NAME = "$(TARGET_NAME)";
				SWIFT_EMIT_LOC_STRINGS = NO;
				SWIFT_VERSION = 5.0;
				TARGETED_DEVICE_FAMILY = "1,2";
				TEST_HOST = "$(BUILT_PRODUCTS_DIR)/BurnApp.app/$(BUNDLE_EXECUTABLE_FOLDER_PATH)/BurnApp";
			};
			name = Release;
		};
		BB922D752BE6A25F008277CE /* Debug */ = {
			isa = XCBuildConfiguration;
			buildSettings = {
				ALWAYS_EMBED_SWIFT_STANDARD_LIBRARIES = YES;
				CODE_SIGN_STYLE = Automatic;
				CURRENT_PROJECT_VERSION = 1;
				DEVELOPMENT_TEAM = Z36F736BZ8;
				GENERATE_INFOPLIST_FILE = YES;
				MARKETING_VERSION = 1.0;
				PRODUCT_BUNDLE_IDENTIFIER = com.Burn.BurnAppUITests;
				PRODUCT_NAME = "$(TARGET_NAME)";
				SWIFT_EMIT_LOC_STRINGS = NO;
				SWIFT_VERSION = 5.0;
				TARGETED_DEVICE_FAMILY = "1,2";
				TEST_TARGET_NAME = BurnApp;
			};
			name = Debug;
		};
		BB922D762BE6A25F008277CE /* Release */ = {
			isa = XCBuildConfiguration;
			buildSettings = {
				ALWAYS_EMBED_SWIFT_STANDARD_LIBRARIES = YES;
				CODE_SIGN_STYLE = Automatic;
				CURRENT_PROJECT_VERSION = 1;
				DEVELOPMENT_TEAM = Z36F736BZ8;
				GENERATE_INFOPLIST_FILE = YES;
				MARKETING_VERSION = 1.0;
				PRODUCT_BUNDLE_IDENTIFIER = com.Burn.BurnAppUITests;
				PRODUCT_NAME = "$(TARGET_NAME)";
				SWIFT_EMIT_LOC_STRINGS = NO;
				SWIFT_VERSION = 5.0;
				TARGETED_DEVICE_FAMILY = "1,2";
				TEST_TARGET_NAME = BurnApp;
			};
			name = Release;
		};
/* End XCBuildConfiguration section */

/* Begin XCConfigurationList section */
		BB922D432BE6A25D008277CE /* Build configuration list for PBXProject "BurnApp" */ = {
			isa = XCConfigurationList;
			buildConfigurations = (
				BB922D6C2BE6A25F008277CE /* Debug */,
				BB922D6D2BE6A25F008277CE /* Release */,
			);
			defaultConfigurationIsVisible = 0;
			defaultConfigurationName = Release;
		};
		BB922D6E2BE6A25F008277CE /* Build configuration list for PBXNativeTarget "BurnApp" */ = {
			isa = XCConfigurationList;
			buildConfigurations = (
				BB922D6F2BE6A25F008277CE /* Debug */,
				BB922D702BE6A25F008277CE /* Release */,
			);
			defaultConfigurationIsVisible = 0;
			defaultConfigurationName = Release;
		};
		BB922D712BE6A25F008277CE /* Build configuration list for PBXNativeTarget "BurnAppTests" */ = {
			isa = XCConfigurationList;
			buildConfigurations = (
				BB922D722BE6A25F008277CE /* Debug */,
				BB922D732BE6A25F008277CE /* Release */,
			);
			defaultConfigurationIsVisible = 0;
			defaultConfigurationName = Release;
		};
		BB922D742BE6A25F008277CE /* Build configuration list for PBXNativeTarget "BurnAppUITests" */ = {
			isa = XCConfigurationList;
			buildConfigurations = (
				BB922D752BE6A25F008277CE /* Debug */,
				BB922D762BE6A25F008277CE /* Release */,
			);
			defaultConfigurationIsVisible = 0;
			defaultConfigurationName = Release;
		};
/* End XCConfigurationList section */
	};
	rootObject = BB922D402BE6A25D008277CE /* Project object */;
}
